Microsoft Visual Studio Solution File, Format Version 11.00
# Visual Studio 2008

Project("{9A19D288-0BA6-B329-F2B9-F45BBD51D38C}") = "Z-Shooter", "Assembly-CSharp.csproj", "{6FA7EACE-496C-A880-39E3-E654C2391276}"
EndProject
Global
	GlobalSection(SolutionConfigurationPlatforms) = preSolution
		Debug|Any CPU = Debug|Any CPU
		Release|Any CPU = Release|Any CPU
	EndGlobalSection
	GlobalSection(ProjectConfigurationPlatforms) = postSolution
		{6FA7EACE-496C-A880-39E3-E654C2391276}.Debug|Any CPU.ActiveCfg = Debug|Any CPU
		{6FA7EACE-496C-A880-39E3-E654C2391276}.Debug|Any CPU.Build.0 = Debug|Any CPU
		{6FA7EACE-496C-A880-39E3-E654C2391276}.Release|Any CPU.ActiveCfg = Release|Any CPU
		{6FA7EACE-496C-A880-39E3-E654C2391276}.Release|Any CPU.Build.0 = Release|Any CPU
	EndGlobalSection
	GlobalSection(SolutionProperties) = preSolution
		HideSolutionNode = FALSE
	EndGlobalSection
	GlobalSection(MonoDevelopProperties) = preSolution
		StartupItem = Assembly-CSharp.csproj
	EndGlobalSection
EndGlobal
